
Microsoft Visual Studio Solution File, Format Version 12.00
# Visual Studio Version 16
VisualStudioVersion = 16.0.33529.622
MinimumVisualStudioVersion = 10.0.40219.1
Project("{FAE04EC0-301F-11D3-BF4B-00C04F79EFBC}") = "sample-webapp", "sample-webapp\sample-webapp.csproj", "{50F2C8ED-CDB7-4F1D-A209-DFEEFF5704C8}"
EndProject
Project("{FAE04EC0-301F-11D3-BF4B-00C04F79EFBC}") = "DTO", "DTO\DTO.csproj", "{0B677192-666E-4C21-BA39-9AFEB19DE3F1}"
EndProject
Project("{FAE04EC0-301F-11D3-BF4B-00C04F79EFBC}") = "Service", "Service\Service.csproj", "{202ADFA3-9F7B-446D-A157-1772FBF0B6F2}"
EndProject
Project("{FAE04EC0-301F-11D3-BF4B-00C04F79EFBC}") = "Shared", "Shared\Shared.csproj", "{828C7AA9-A767-42E1-86D2-E6E4B2E2B3F0}"
EndProject
Global
	GlobalSection(SolutionConfigurationPlatforms) = preSolution
		Debug|Any CPU = Debug|Any CPU
		Release|Any CPU = Release|Any CPU
	EndGlobalSection
	GlobalSection(ProjectConfigurationPlatforms) = postSolution
		{50F2C8ED-CDB7-4F1D-A209-DFEEFF5704C8}.Debug|Any CPU.ActiveCfg = Debug|Any CPU
		{50F2C8ED-CDB7-4F1D-A209-DFEEFF5704C8}.Debug|Any CPU.Build.0 = Debug|Any CPU
		{50F2C8ED-CDB7-4F1D-A209-DFEEFF5704C8}.Release|Any CPU.ActiveCfg = Release|Any CPU
		{50F2C8ED-CDB7-4F1D-A209-DFEEFF5704C8}.Release|Any CPU.Build.0 = Release|Any CPU
		{0B677192-666E-4C21-BA39-9AFEB19DE3F1}.Debug|Any CPU.ActiveCfg = Debug|Any CPU
		{0B677192-666E-4C21-BA39-9AFEB19DE3F1}.Debug|Any CPU.Build.0 = Debug|Any CPU
		{0B677192-666E-4C21-BA39-9AFEB19DE3F1}.Release|Any CPU.ActiveCfg = Release|Any CPU
		{0B677192-666E-4C21-BA39-9AFEB19DE3F1}.Release|Any CPU.Build.0 = Release|Any CPU
		{202ADFA3-9F7B-446D-A157-1772FBF0B6F2}.Debug|Any CPU.ActiveCfg = Debug|Any CPU
		{202ADFA3-9F7B-446D-A157-1772FBF0B6F2}.Debug|Any CPU.Build.0 = Debug|Any CPU
		{202ADFA3-9F7B-446D-A157-1772FBF0B6F2}.Release|Any CPU.ActiveCfg = Release|Any CPU
		{202ADFA3-9F7B-446D-A157-1772FBF0B6F2}.Release|Any CPU.Build.0 = Release|Any CPU
		{828C7AA9-A767-42E1-86D2-E6E4B2E2B3F0}.Debug|Any CPU.ActiveCfg = Debug|Any CPU
		{828C7AA9-A767-42E1-86D2-E6E4B2E2B3F0}.Debug|Any CPU.Build.0 = Debug|Any CPU
		{828C7AA9-A767-42E1-86D2-E6E4B2E2B3F0}.Release|Any CPU.ActiveCfg = Release|Any CPU
		{828C7AA9-A767-42E1-86D2-E6E4B2E2B3F0}.Release|Any CPU.Build.0 = Release|Any CPU
	EndGlobalSection
	GlobalSection(SolutionProperties) = preSolution
		HideSolutionNode = FALSE
	EndGlobalSection
	GlobalSection(ExtensibilityGlobals) = postSolution
		SolutionGuid = {650BBEB2-911F-4A3D-9AA3-B016F7460F05}
	EndGlobalSection
EndGlobal
